Microsoft Visual Studio Solution File, Format Version 12.00
# Visual Studio Version 17
VisualStudioVersion = 17.5.2.0
MinimumVisualStudioVersion = 10.0.40219.1
Project("{FAE04EC0-301F-11D3-BF4B-00C04F79EFBC}") = "TorneoServiciosIAM", "TorneoServiciosIAM.csproj", "{D36F09D1-524D-65A0-8E18-C7F2803808EA}"
EndProject
Global
	GlobalSection(SolutionConfigurationPlatforms) = preSolution
		Debug|Any CPU = Debug|Any CPU
		Release|Any CPU = Release|Any CPU
	EndGlobalSection
	GlobalSection(ProjectConfigurationPlatforms) = postSolution
		{D36F09D1-524D-65A0-8E18-C7F2803808EA}.Debug|Any CPU.ActiveCfg = Debug|Any CPU
		{D36F09D1-524D-65A0-8E18-C7F2803808EA}.Debug|Any CPU.Build.0 = Debug|Any CPU
		{D36F09D1-524D-65A0-8E18-C7F2803808EA}.Release|Any CPU.ActiveCfg = Release|Any CPU
		{D36F09D1-524D-65A0-8E18-C7F2803808EA}.Release|Any CPU.Build.0 = Release|Any CPU
	EndGlobalSection
	GlobalSection(SolutionProperties) = preSolution
		HideSolutionNode = FALSE
	EndGlobalSection
	GlobalSection(ExtensibilityGlobals) = postSolution
		SolutionGuid = {B2194297-C9F4-4B80-BFE0-09ACDBB9FC4D}
	EndGlobalSection
EndGlobal
